// !$*UTF8*$!
{
	archiveVersion = 1;
	classes = {
	};
	objectVersion = 50;
	objects = {

/* Begin PBXBuildFile section */
		661902CB20CBAA18005EAB45 /* AppDelegate.swift in Sources */ = {isa = PBXBuildFile; fileRef = 661902CA20CBAA18005EAB45 /* AppDelegate.swift */; };
		661902CD20CBAA18005EAB45 /* ViewController.swift in Sources */ = {isa = PBXBuildFile; fileRef = 661902CC20CBAA18005EAB45 /* ViewController.swift */; };
		661902D020CBAA18005EAB45 /* Main.storyboard in Resources */ = {isa = PBXBuildFile; fileRef = 661902CE20CBAA18005EAB45 /* Main.storyboard */; };
		661902D220CBAA1A005EAB45 /* Assets.xcassets in Resources */ = {isa = PBXBuildFile; fileRef = 661902D120CBAA1A005EAB45 /* Assets.xcassets */; };
		661902D520CBAA1A005EAB45 /* LaunchScreen.storyboard in Resources */ = {isa = PBXBuildFile; fileRef = 661902D320CBAA1A005EAB45 /* LaunchScreen.storyboard */; };
		661902E520CBAB74005EAB45 /* build.png in Resources */ = {isa = PBXBuildFile; fileRef = 661902E220CBAB74005EAB45 /* build.png */; };
		661902E620CBAB74005EAB45 /* gris.png in Resources */ = {isa = PBXBuildFile; fileRef = 661902E320CBAB74005EAB45 /* gris.png */; };
		661902E720CBAB74005EAB45 /* cross-Z.png in Resources */ = {isa = PBXBuildFile; fileRef = 661902E420CBAB74005EAB45 /* cross-Z.png */; };
		661902E920CBADF4005EAB45 /* Mentor.swift in Sources */ = {isa = PBXBuildFile; fileRef = 661902E820CBADF4005EAB45 /* Mentor.swift */; };
/* End PBXBuildFile section */

/* Begin PBXFileReference section */
		661902C720CBAA18005EAB45 /* MentorBook.app */ = {isa = PBXFileReference; explicitFileType = wrapper.application; includeInIndex = 0; path = MentorBook.app; sourceTree = BUILT_PRODUCTS_DIR; };
		661902CA20CBAA18005EAB45 /* AppDelegate.swift */ = {isa = PBXFileReference; lastKnownFileType = sourcecode.swift; path = AppDelegate.swift; sourceTree = "<group>"; };
		661902CC20CBAA18005EAB45 /* ViewController.swift */ = {isa = PBXFileReference; lastKnownFileType = sourcecode.swift; path = ViewController.swift; sourceTree = "<group>"; };
		661902CF20CBAA18005EAB45 /* Base */ = {isa = PBXFileReference; lastKnownFileType = file.storyboard; name = Base; path = Base.lproj/Main.storyboard; sourceTree = "<group>"; };
		661902D120CBAA1A005EAB45 /* Assets.xcassets */ = {isa = PBXFileReference; lastKnownFileType = folder.assetcatalog; path = Assets.xcassets; sourceTree = "<group>"; };
		661902D420CBAA1A005EAB45 /* Base */ = {isa = PBXFileReference; lastKnownFileType = file.storyboard; name = Base; path = Base.lproj/LaunchScreen.storyboard; sourceTree = "<group>"; };
		661902D620CBAA1A005EAB45 /* Info.plist */ = {isa = PBXFileReference; lastKnownFileType = text.plist.xml; path = Info.plist; sourceTree = "<group>"; };
		661902E220CBAB74005EAB45 /* build.png */ = {isa = PBXFileReference; lastKnownFileType = image.png; path = build.png; sourceTree = "<group>"; };
		661902E320CBAB74005EAB45 /* gris.png */ = {isa = PBXFileReference; lastKnownFileType = image.png; path = gris.png; sourceTree = "<group>"; };
		661902E420CBAB74005EAB45 /* cross-Z.png */ = {isa = PBXFileReference; lastKnownFileType = image.png; path = "cross-Z.png"; sourceTree = "<group>"; };
		661902E820CBADF4005EAB45 /* Mentor.swift */ = {isa = PBXFileReference; lastKnownFileType = sourcecode.swift; path = Mentor.swift; sourceTree = "<group>"; };
/* End PBXFileReference section */

/* Begin PBXFrameworksBuildPhase section */
		661902C420CBAA18005EAB45 /* Frameworks */ = {
			isa = PBXFrameworksBuildPhase;
			buildActionMask = 2147483647;
			files = (
			);
			runOnlyForDeploymentPostprocessing = 0;
		};
/* End PBXFrameworksBuildPhase section */

/* Begin PBXGroup section */
		661902BE20CBAA18005EAB45 = {
			isa = PBXGroup;
			children = (
				661902E220CBAB74005EAB45 /* build.png */,
				661902E420CBAB74005EAB45 /* cross-Z.png */,
				661902E320CBAB74005EAB45 /* gris.png */,
				661902C920CBAA18005EAB45 /* MentorBook */,
				661902C820CBAA18005EAB45 /* Products */,
			);
			sourceTree = "<group>";
		};
		661902C820CBAA18005EAB45 /* Products */ = {
			isa = PBXGroup;
			children = (
				661902C720CBAA18005EAB45 /* MentorBook.app */,
			);
			name = Products;
			sourceTree = "<group>";
		};
		661902C920CBAA18005EAB45 /* MentorBook */ = {
			isa = PBXGroup;
			children = (
				661902CA20CBAA18005EAB45 /* AppDelegate.swift */,
				661902CC20CBAA18005EAB45 /* ViewController.swift */,
				661902CE20CBAA18005EAB45 /* Main.storyboard */,
				661902E820CBADF4005EAB45 /* Mentor.swift */,
				661902D120CBAA1A005EAB45 /* Assets.xcassets */,
				661902D320CBAA1A005EAB45 /* LaunchScreen.storyboard */,
				661902D620CBAA1A005EAB45 /* Info.plist */,
			);
			path = MentorBook;
			sourceTree = "<group>";
		};
/* End PBXGroup section */

/* Begin PBXNativeTarget section */
		661902C620CBAA18005EAB45 /* MentorBook */ = {
			isa = PBXNativeTarget;
			buildConfigurationList = 661902D920CBAA1A005EAB45 /* Build configuration list for PBXNativeTarget "MentorBook" */;
			buildPhases = (
				661902C320CBAA18005EAB45 /* Sources */,
				661902C420CBAA18005EAB45 /* Frameworks */,
				661902C520CBAA18005EAB45 /* Resources */,
			);
			buildRules = (
			);
			dependencies = (
			);
			name = MentorBook;
			productName = MentorBook;
			productReference = 661902C720CBAA18005EAB45 /* MentorBook.app */;
			productType = "com.apple.product-type.application";
		};
/* End PBXNativeTarget section */

/* Begin PBXProject section */
		661902BF20CBAA18005EAB45 /* Project object */ = {
			isa = PBXProject;
			attributes = {
				LastSwiftUpdateCheck = 0940;
				LastUpgradeCheck = 0940;
				ORGANIZATIONNAME = TakumiObayashi;
				TargetAttributes = {
					661902C620CBAA18005EAB45 = {
						CreatedOnToolsVersion = 9.4;
					};
				};
			};
			buildConfigurationList = 661902C220CBAA18005EAB45 /* Build configuration list for PBXProject "MentorBook" */;
			compatibilityVersion = "Xcode 9.3";
			developmentRegion = en;
			hasScannedForEncodings = 0;
			knownRegions = (
				en,
				Base,
			);
			mainGroup = 661902BE20CBAA18005EAB45;
			productRefGroup = 661902C820CBAA18005EAB45 /* Products */;
			projectDirPath = "";
			projectRoot = "";
			targets = (
				661902C620CBAA18005EAB45 /* MentorBook */,
			);
		};
/* End PBXProject section */

/* Begin PBXResourcesBuildPhase section */
		661902C520CBAA18005EAB45 /* Resources */ = {
			isa = PBXResourcesBuildPhase;
			buildActionMask = 2147483647;
			files = (
				661902E520CBAB74005EAB45 /* build.png in Resources */,
				661902E620CBAB74005EAB45 /* gris.png in Resources */,
				661902D520CBAA1A005EAB45 /* LaunchScreen.storyboard in Resources */,
				661902D220CBAA1A005EAB45 /* Assets.xcassets in Resources */,
				661902D020CBAA18005EAB45 /* Main.storyboard in Resources */,
				661902E720CBAB74005EAB45 /* cross-Z.png in Resources */,
			);
			runOnlyForDeploymentPostprocessing = 0;
		};
/* End PBXResourcesBuildPhase section */

/* Begin PBXSourcesBuildPhase section */
		661902C320CBAA18005EAB45 /* Sources */ = {
			isa = PBXSourcesBuildPhase;
			buildActionMask = 2147483647;
			files = (
				661902E920CBADF4005EAB45 /* Mentor.swift in Sources */,
				661902CD20CBAA18005EAB45 /* ViewController.swift in Sources */,
				661902CB20CBAA18005EAB45 /* AppDelegate.swift in Sources */,
			);
			runOnlyForDeploymentPostprocessing = 0;
		};
/* End PBXSourcesBuildPhase section */

/* Begin PBXVariantGroup section */
		661902CE20CBAA18005EAB45 /* Main.storyboard */ = {
			isa = PBXVariantGroup;
			children = (
				661902CF20CBAA18005EAB45 /* Base */,
			);
			name = Main.storyboard;
			sourceTree = "<group>";
		};
		661902D320CBAA1A005EAB45 /* LaunchScreen.storyboard */ = {
			isa = PBXVariantGroup;
			children = (
				661902D420CBAA1A005EAB45 /* Base */,
			);
			name = LaunchScreen.storyboard;
			sourceTree = "<group>";
		};
/* End PBXVariantGroup section */

/* Begin XCBuildConfiguration section */
		661902D720CBAA1A005EAB45 /* Debug */ = {
			isa = XCBuildConfiguration;
			buildSettings = {
				ALWAYS_SEARCH_USER_PATHS = NO;
				CLANG_ANALYZER_NONNULL = YES;
				CLANG_ANALYZER_NUMBER_OBJECT_CONVERSION = YES_AGGRESSIVE;
				CLANG_CXX_LANGUAGE_STANDARD = "gnu++14";
				CLANG_CXX_LIBRARY = "libc++";
				CLANG_ENABLE_MODULES = YES;
				CLANG_ENABLE_OBJC_ARC = YES;
				CLANG_ENABLE_OBJC_WEAK = YES;
				CLANG_WARN_BLOCK_CAPTURE_AUTORELEASING = YES;
				CLANG_WARN_BOOL_CONVERSION = YES;
				CLANG_WARN_COMMA = YES;
				CLANG_WARN_CONSTANT_CONVERSION = YES;
				CLANG_WARN_DEPRECATED_OBJC_IMPLEMENTATIONS = YES;
				CLANG_WARN_DIRECT_OBJC_ISA_USAGE = YES_ERROR;
				CLANG_WARN_DOCUMENTATION_COMMENTS = YES;
				CLANG_WARN_EMPTY_BODY = YES;
				CLANG_WARN_ENUM_CONVERSION = YES;
				CLANG_WARN_INFINITE_RECURSION = YES;
				CLANG_WARN_INT_CONVERSION = YES;
				CLANG_WARN_NON_LITERAL_NULL_CONVERSION = YES;
				CLANG_WARN_OBJC_IMPLICIT_RETAIN_SELF = YES;
				CLANG_WARN_OBJC_LITERAL_CONVERSION = YES;
				CLANG_WARN_OBJC_ROOT_CLASS = YES_ERROR;
				CLANG_WARN_RANGE_LOOP_ANALYSIS = YES;
				CLANG_WARN_STRICT_PROTOTYPES = YES;
				CLANG_WARN_SUSPICIOUS_MOVE = YES;
				CLANG_WARN_UNGUARDED_AVAILABILITY = YES_AGGRESSIVE;
				CLANG_WARN_UNREACHABLE_CODE = YES;
				CLANG_WARN__DUPLICATE_METHOD_MATCH = YES;
				CODE_SIGN_IDENTITY = "iPhone Developer";
				COPY_PHASE_STRIP = NO;
				DEBUG_INFORMATION_FORMAT = dwarf;
				ENABLE_STRICT_OBJC_MSGSEND = YES;
				ENABLE_TESTABILITY = YES;
				GCC_C_LANGUAGE_STANDARD = gnu11;
				GCC_DYNAMIC_NO_PIC = NO;
				GCC_NO_COMMON_BLOCKS = YES;
				GCC_OPTIMIZATION_LEVEL = 0;
				GCC_PREPROCESSOR_DEFINITIONS = (
					"DEBUG=1",
					"$(inherited)",
				);
				GCC_WARN_64_TO_32_BIT_CONVERSION = YES;
				GCC_WARN_ABOUT_RETURN_TYPE = YES_ERROR;
				GCC_WARN_UNDECLARED_SELECTOR = YES;
				GCC_WARN_UNINITIALIZED_AUTOS = YES_AGGRESSIVE;
				GCC_WARN_UNUSED_FUNCTION = YES;
				GCC_WARN_UNUSED_VARIABLE = YES;
				IPHONEOS_DEPLOYMENT_TARGET = 11.4;
				MTL_ENABLE_DEBUG_INFO = YES;
				ONLY_ACTIVE_ARCH = YES;
				SDKROOT = iphoneos;
				SWIFT_ACTIVE_COMPILATION_CONDITIONS = DEBUG;
				SWIFT_OPTIMIZATION_LEVEL = "-Onone";
			};
			name = Debug;
		};
		661902D820CBAA1A005EAB45 /* Release */ = {
			isa = XCBuildConfiguration;
			buildSettings = {
				ALWAYS_SEARCH_USER_PATHS = NO;
				CLANG_ANALYZER_NONNULL = YES;
				CLANG_ANALYZER_NUMBER_OBJECT_CONVERSION = YES_AGGRESSIVE;
				CLANG_CXX_LANGUAGE_STANDARD = "gnu++14";
				CLANG_CXX_LIBRARY = "libc++";
				CLANG_ENABLE_MODULES = YES;
				CLANG_ENABLE_OBJC_ARC = YES;
				CLANG_ENABLE_OBJC_WEAK = YES;
				CLANG_WARN_BLOCK_CAPTURE_AUTORELEASING = YES;
				CLANG_WARN_BOOL_CONVERSION = YES;
				CLANG_WARN_COMMA = YES;
				CLANG_WARN_CONSTANT_CONVERSION = YES;
				CLANG_WARN_DEPRECATED_OBJC_IMPLEMENTATIONS = YES;
				CLANG_WARN_DIRECT_OBJC_ISA_USAGE = YES_ERROR;
				CLANG_WARN_DOCUMENTATION_COMMENTS = YES;
				CLANG_WARN_EMPTY_BODY = YES;
				CLANG_WARN_ENUM_CONVERSION = YES;
				CLANG_WARN_INFINITE_RECURSION = YES;
				CLANG_WARN_INT_CONVERSION = YES;
				CLANG_WARN_NON_LITERAL_NULL_CONVERSION = YES;
				CLANG_WARN_OBJC_IMPLICIT_RETAIN_SELF = YES;
				CLANG_WARN_OBJC_LITERAL_CONVERSION = YES;
				CLANG_WARN_OBJC_ROOT_CLASS = YES_ERROR;
				CLANG_WARN_RANGE_LOOP_ANALYSIS = YES;
				CLANG_WARN_STRICT_PROTOTYPES = YES;
				CLANG_WARN_SUSPICIOUS_MOVE = YES;
				CLANG_WARN_UNGUARDED_AVAILABILITY = YES_AGGRESSIVE;
				CLANG_WARN_UNREACHABLE_CODE = YES;
				CLANG_WARN__DUPLICATE_METHOD_MATCH = YES;
				CODE_SIGN_IDENTITY = "iPhone Developer";
				COPY_PHASE_STRIP = NO;
				DEBUG_INFORMATION_FORMAT = "dwarf-with-dsym";
				ENABLE_NS_ASSERTIONS = NO;
				ENABLE_STRICT_OBJC_MSGSEND = YES;
				GCC_C_LANGUAGE_STANDARD = gnu11;
				GCC_NO_COMMON_BLOCKS = YES;
				GCC_WARN_64_TO_32_BIT_CONVERSION = YES;
				GCC_WARN_ABOUT_RETURN_TYPE = YES_ERROR;
				GCC_WARN_UNDECLARED_SELECTOR = YES;
				GCC_WARN_UNINITIALIZED_AUTOS = YES_AGGRESSIVE;
				GCC_WARN_UNUSED_FUNCTION = YES;
				GCC_WARN_UNUSED_VARIABLE = YES;
				IPHONEOS_DEPLOYMENT_TARGET = 11.4;
				MTL_ENABLE_DEBUG_INFO = NO;
				SDKROOT = iphoneos;
				SWIFT_COMPILATION_MODE = wholemodule;
				SWIFT_OPTIMIZATION_LEVEL = "-O";
				VALIDATE_PRODUCT = YES;
			};
			name = Release;
		};
		661902DA20CBAA1A005EAB45 /* Debug */ = {
			isa = XCBuildConfiguration;
			buildSettings = {
				ASSETCATALOG_COMPILER_APPICON_NAME = AppIcon;
				CODE_SIGN_STYLE = Automatic;
				DEVELOPMENT_TEAM = 6JB2SDQGN3;
				INFOPLIST_FILE = MentorBook/Info.plist;
				LD_RUNPATH_SEARCH_PATHS = (
					"$(inherited)",
					"@executable_path/Frameworks",
				);
				PRODUCT_BUNDLE_IDENTIFIER = TakumiObayashi.MentorBook;
				PRODUCT_NAME = "$(TARGET_NAME)";
				SWIFT_VERSION = 4.0;
				TARGETED_DEVICE_FAMILY = "1,2";
			};
			name = Debug;
		};
		661902DB20CBAA1A005EAB45 /* Release */ = {
			isa = XCBuildConfiguration;
			buildSettings = {
				ASSETCATALOG_COMPILER_APPICON_NAME = AppIcon;
				CODE_SIGN_STYLE = Automatic;
				DEVELOPMENT_TEAM = 6JB2SDQGN3;
				INFOPLIST_FILE = MentorBook/Info.plist;
				LD_RUNPATH_SEARCH_PATHS = (
					"$(inherited)",
					"@executable_path/Frameworks",
				);
				PRODUCT_BUNDLE_IDENTIFIER = TakumiObayashi.MentorBook;
				PRODUCT_NAME = "$(TARGET_NAME)";
				SWIFT_VERSION = 4.0;
				TARGETED_DEVICE_FAMILY = "1,2";
			};
			name = Release;
		};
/* End XCBuildConfiguration section */

/* Begin XCConfigurationList section */
		661902C220CBAA18005EAB45 /* Build configuration list for PBXProject "MentorBook" */ = {
			isa = XCConfigurationList;
			buildConfigurations = (
				661902D720CBAA1A005EAB45 /* Debug */,
				661902D820CBAA1A005EAB45 /* Release */,
			);
			defaultConfigurationIsVisible = 0;
			defaultConfigurationName = Release;
		};
		661902D920CBAA1A005EAB45 /* Build configuration list for PBXNativeTarget "MentorBook" */ = {
			isa = XCConfigurationList;
			buildConfigurations = (
				661902DA20CBAA1A005EAB45 /* Debug */,
				661902DB20CBAA1A005EAB45 /* Release */,
			);
			defaultConfigurationIsVisible = 0;
			defaultConfigurationName = Release;
		};
/* End XCConfigurationList section */
	};
	rootObject = 661902BF20CBAA18005EAB45 /* Project object */;
}
